
Microsoft Visual Studio Solution File, Format Version 12.00
Project("{FAE04EC0-301F-11D3-BF4B-00C04F79EFBC}") = "AList", "AList\AList.csproj", "{C29A8ADC-14A8-4B88-860B-D878919557E4}"
EndProject
Project("{FAE04EC0-301F-11D3-BF4B-00C04F79EFBC}") = "AList.Test", "AList.Test\AList.Test.csproj", "{143D0A01-7D53-4539-91CF-D5C06897FDB1}"
EndProject
Global
	GlobalSection(SolutionConfigurationPlatforms) = preSolution
		Debug|Any CPU = Debug|Any CPU
		Release|Any CPU = Release|Any CPU
	EndGlobalSection
	GlobalSection(ProjectConfigurationPlatforms) = postSolution
		{C29A8ADC-14A8-4B88-860B-D878919557E4}.Debug|Any CPU.ActiveCfg = Debug|Any CPU
		{C29A8ADC-14A8-4B88-860B-D878919557E4}.Debug|Any CPU.Build.0 = Debug|Any CPU
		{C29A8ADC-14A8-4B88-860B-D878919557E4}.Release|Any CPU.ActiveCfg = Release|Any CPU
		{C29A8ADC-14A8-4B88-860B-D878919557E4}.Release|Any CPU.Build.0 = Release|Any CPU
		{143D0A01-7D53-4539-91CF-D5C06897FDB1}.Debug|Any CPU.ActiveCfg = Debug|Any CPU
		{143D0A01-7D53-4539-91CF-D5C06897FDB1}.Debug|Any CPU.Build.0 = Debug|Any CPU
		{143D0A01-7D53-4539-91CF-D5C06897FDB1}.Release|Any CPU.ActiveCfg = Release|Any CPU
		{143D0A01-7D53-4539-91CF-D5C06897FDB1}.Release|Any CPU.Build.0 = Release|Any CPU
	EndGlobalSection
EndGlobal
